
Microsoft Visual Studio Solution File, Format Version 12.00
Project("{FAE04EC0-301F-11D3-BF4B-00C04F79EFBC}") = "LuckyPills", "LuckyPills\LuckyPills.csproj", "{86A72BD1-8314-4EB7-B4FB-68D81C7823B0}"
EndProject
Global
	GlobalSection(SolutionConfigurationPlatforms) = preSolution
		Debug|Any CPU = Debug|Any CPU
		Release|Any CPU = Release|Any CPU
	EndGlobalSection
	GlobalSection(ProjectConfigurationPlatforms) = postSolution
		{86A72BD1-8314-4EB7-B4FB-68D81C7823B0}.Debug|Any CPU.ActiveCfg = Debug|Any CPU
		{86A72BD1-8314-4EB7-B4FB-68D81C7823B0}.Debug|Any CPU.Build.0 = Debug|Any CPU
		{86A72BD1-8314-4EB7-B4FB-68D81C7823B0}.Release|Any CPU.ActiveCfg = Release|Any CPU
		{86A72BD1-8314-4EB7-B4FB-68D81C7823B0}.Release|Any CPU.Build.0 = Release|Any CPU
	EndGlobalSection
EndGlobal
